
Microsoft Visual Studio Solution File, Format Version 12.00
# Visual Studio Version 17
VisualStudioVersion = 17.9.34607.119
MinimumVisualStudioVersion = 10.0.40219.1
Project("{FAE04EC0-301F-11D3-BF4B-00C04F79EFBC}") = "Homework_04", "Homework_04\Homework_04.csproj", "{535EE6F4-7EFC-4B26-861D-B2E6DF24BC39}"
EndProject
Global
	GlobalSection(SolutionConfigurationPlatforms) = preSolution
		Debug|Any CPU = Debug|Any CPU
		Release|Any CPU = Release|Any CPU
	EndGlobalSection
	GlobalSection(ProjectConfigurationPlatforms) = postSolution
		{535EE6F4-7EFC-4B26-861D-B2E6DF24BC39}.Debug|Any CPU.ActiveCfg = Debug|Any CPU
		{535EE6F4-7EFC-4B26-861D-B2E6DF24BC39}.Debug|Any CPU.Build.0 = Debug|Any CPU
		{535EE6F4-7EFC-4B26-861D-B2E6DF24BC39}.Release|Any CPU.ActiveCfg = Release|Any CPU
		{535EE6F4-7EFC-4B26-861D-B2E6DF24BC39}.Release|Any CPU.Build.0 = Release|Any CPU
	EndGlobalSection
	GlobalSection(SolutionProperties) = preSolution
		HideSolutionNode = FALSE
	EndGlobalSection
	GlobalSection(ExtensibilityGlobals) = postSolution
		SolutionGuid = {E578C9C8-A9BB-43DA-B3D0-94021CAFD520}
	EndGlobalSection
EndGlobal
