
Microsoft Visual Studio Solution File, Format Version 12.00
# Visual Studio Version 17
VisualStudioVersion = 17.9.34607.119
MinimumVisualStudioVersion = 10.0.40219.1
Project("{FAE04EC0-301F-11D3-BF4B-00C04F79EFBC}") = "server_socket", "server_socket\server_socket.csproj", "{EE7D61CB-3F4D-4806-AFFD-6AD1AD3AE363}"
EndProject
Project("{FAE04EC0-301F-11D3-BF4B-00C04F79EFBC}") = "sync_client", "sync_client\sync_client.csproj", "{F2D6B030-D4DD-43CF-A592-CD17B070D5B0}"
EndProject
Global
	GlobalSection(SolutionConfigurationPlatforms) = preSolution
		Debug|Any CPU = Debug|Any CPU
		Release|Any CPU = Release|Any CPU
	EndGlobalSection
	GlobalSection(ProjectConfigurationPlatforms) = postSolution
		{EE7D61CB-3F4D-4806-AFFD-6AD1AD3AE363}.Debug|Any CPU.ActiveCfg = Debug|Any CPU
		{EE7D61CB-3F4D-4806-AFFD-6AD1AD3AE363}.Debug|Any CPU.Build.0 = Debug|Any CPU
		{EE7D61CB-3F4D-4806-AFFD-6AD1AD3AE363}.Release|Any CPU.ActiveCfg = Release|Any CPU
		{EE7D61CB-3F4D-4806-AFFD-6AD1AD3AE363}.Release|Any CPU.Build.0 = Release|Any CPU
		{F2D6B030-D4DD-43CF-A592-CD17B070D5B0}.Debug|Any CPU.ActiveCfg = Debug|Any CPU
		{F2D6B030-D4DD-43CF-A592-CD17B070D5B0}.Debug|Any CPU.Build.0 = Debug|Any CPU
		{F2D6B030-D4DD-43CF-A592-CD17B070D5B0}.Release|Any CPU.ActiveCfg = Release|Any CPU
		{F2D6B030-D4DD-43CF-A592-CD17B070D5B0}.Release|Any CPU.Build.0 = Release|Any CPU
	EndGlobalSection
	GlobalSection(SolutionProperties) = preSolution
		HideSolutionNode = FALSE
	EndGlobalSection
	GlobalSection(ExtensibilityGlobals) = postSolution
		SolutionGuid = {354D9936-26EB-4F6B-86B1-280AB60DBAF8}
	EndGlobalSection
EndGlobal
