
Microsoft Visual Studio Solution File, Format Version 12.00
# Visual Studio Version 17
VisualStudioVersion = 17.9.34607.119
MinimumVisualStudioVersion = 10.0.40219.1
Project("{FAE04EC0-301F-11D3-BF4B-00C04F79EFBC}") = "Homework_05_02_DAL", "Homework_05_02_DAL\Homework_05_02_DAL.csproj", "{2F6FD1E8-FF49-4B77-97F7-E9467B696A9E}"
EndProject
Project("{FAE04EC0-301F-11D3-BF4B-00C04F79EFBC}") = "Homework_05_02_UI", "Homework_05_02_UI\Homework_05_02_UI.csproj", "{F3BB8912-9453-421A-A5DD-3AD2D89680F7}"
EndProject
Global
	GlobalSection(SolutionConfigurationPlatforms) = preSolution
		Debug|Any CPU = Debug|Any CPU
		Release|Any CPU = Release|Any CPU
	EndGlobalSection
	GlobalSection(ProjectConfigurationPlatforms) = postSolution
		{2F6FD1E8-FF49-4B77-97F7-E9467B696A9E}.Debug|Any CPU.ActiveCfg = Debug|Any CPU
		{2F6FD1E8-FF49-4B77-97F7-E9467B696A9E}.Debug|Any CPU.Build.0 = Debug|Any CPU
		{2F6FD1E8-FF49-4B77-97F7-E9467B696A9E}.Release|Any CPU.ActiveCfg = Release|Any CPU
		{2F6FD1E8-FF49-4B77-97F7-E9467B696A9E}.Release|Any CPU.Build.0 = Release|Any CPU
		{F3BB8912-9453-421A-A5DD-3AD2D89680F7}.Debug|Any CPU.ActiveCfg = Debug|Any CPU
		{F3BB8912-9453-421A-A5DD-3AD2D89680F7}.Debug|Any CPU.Build.0 = Debug|Any CPU
		{F3BB8912-9453-421A-A5DD-3AD2D89680F7}.Release|Any CPU.ActiveCfg = Release|Any CPU
		{F3BB8912-9453-421A-A5DD-3AD2D89680F7}.Release|Any CPU.Build.0 = Release|Any CPU
	EndGlobalSection
	GlobalSection(SolutionProperties) = preSolution
		HideSolutionNode = FALSE
	EndGlobalSection
	GlobalSection(ExtensibilityGlobals) = postSolution
		SolutionGuid = {C446B525-48C2-407B-BF4B-BA310C09970F}
	EndGlobalSection
EndGlobal
