
Microsoft Visual Studio Solution File, Format Version 12.00
# Visual Studio Version 17
VisualStudioVersion = 17.9.34607.119
MinimumVisualStudioVersion = 10.0.40219.1
Project("{FAE04EC0-301F-11D3-BF4B-00C04F79EFBC}") = "Classwork_03_04", "Classwork_03_04\Classwork_03_04.csproj", "{0F93A533-21BF-446D-A448-217EEF8EC4AB}"
EndProject
Global
	GlobalSection(SolutionConfigurationPlatforms) = preSolution
		Debug|Any CPU = Debug|Any CPU
		Release|Any CPU = Release|Any CPU
	EndGlobalSection
	GlobalSection(ProjectConfigurationPlatforms) = postSolution
		{0F93A533-21BF-446D-A448-217EEF8EC4AB}.Debug|Any CPU.ActiveCfg = Debug|Any CPU
		{0F93A533-21BF-446D-A448-217EEF8EC4AB}.Debug|Any CPU.Build.0 = Debug|Any CPU
		{0F93A533-21BF-446D-A448-217EEF8EC4AB}.Release|Any CPU.ActiveCfg = Release|Any CPU
		{0F93A533-21BF-446D-A448-217EEF8EC4AB}.Release|Any CPU.Build.0 = Release|Any CPU
	EndGlobalSection
	GlobalSection(SolutionProperties) = preSolution
		HideSolutionNode = FALSE
	EndGlobalSection
	GlobalSection(ExtensibilityGlobals) = postSolution
		SolutionGuid = {5B6B487A-5B6E-4399-B07E-19CD804B6EB6}
	EndGlobalSection
EndGlobal
