
Microsoft Visual Studio Solution File, Format Version 12.00
# Visual Studio Version 17
VisualStudioVersion = 17.9.34607.119
MinimumVisualStudioVersion = 10.0.40219.1
Project("{FAE04EC0-301F-11D3-BF4B-00C04F79EFBC}") = "Classwork_25_03_wpf", "Classwork_25_03_wpf\Classwork_25_03_wpf.csproj", "{06913E35-2DAC-488B-862B-3C484F560694}"
EndProject
Global
	GlobalSection(SolutionConfigurationPlatforms) = preSolution
		Debug|Any CPU = Debug|Any CPU
		Release|Any CPU = Release|Any CPU
	EndGlobalSection
	GlobalSection(ProjectConfigurationPlatforms) = postSolution
		{06913E35-2DAC-488B-862B-3C484F560694}.Debug|Any CPU.ActiveCfg = Debug|Any CPU
		{06913E35-2DAC-488B-862B-3C484F560694}.Debug|Any CPU.Build.0 = Debug|Any CPU
		{06913E35-2DAC-488B-862B-3C484F560694}.Release|Any CPU.ActiveCfg = Release|Any CPU
		{06913E35-2DAC-488B-862B-3C484F560694}.Release|Any CPU.Build.0 = Release|Any CPU
	EndGlobalSection
	GlobalSection(SolutionProperties) = preSolution
		HideSolutionNode = FALSE
	EndGlobalSection
	GlobalSection(ExtensibilityGlobals) = postSolution
		SolutionGuid = {3F660186-A180-4B29-AF6E-D6E3E076793C}
	EndGlobalSection
EndGlobal
