
Microsoft Visual Studio Solution File, Format Version 12.00
# Visual Studio Version 17
VisualStudioVersion = 17.9.34607.119
MinimumVisualStudioVersion = 10.0.40219.1
Project("{FAE04EC0-301F-11D3-BF4B-00C04F79EFBC}") = "ClassWork_18_03_wpf", "ClassWork_18_03_wpf\ClassWork_18_03_wpf.csproj", "{8876A75C-D41D-476C-9BA4-A7A0FB8CD100}"
EndProject
Global
	GlobalSection(SolutionConfigurationPlatforms) = preSolution
		Debug|Any CPU = Debug|Any CPU
		Release|Any CPU = Release|Any CPU
	EndGlobalSection
	GlobalSection(ProjectConfigurationPlatforms) = postSolution
		{8876A75C-D41D-476C-9BA4-A7A0FB8CD100}.Debug|Any CPU.ActiveCfg = Debug|Any CPU
		{8876A75C-D41D-476C-9BA4-A7A0FB8CD100}.Debug|Any CPU.Build.0 = Debug|Any CPU
		{8876A75C-D41D-476C-9BA4-A7A0FB8CD100}.Release|Any CPU.ActiveCfg = Release|Any CPU
		{8876A75C-D41D-476C-9BA4-A7A0FB8CD100}.Release|Any CPU.Build.0 = Release|Any CPU
	EndGlobalSection
	GlobalSection(SolutionProperties) = preSolution
		HideSolutionNode = FALSE
	EndGlobalSection
	GlobalSection(ExtensibilityGlobals) = postSolution
		SolutionGuid = {9C5C34A9-635E-41D0-A911-3A5CFF9098BD}
	EndGlobalSection
EndGlobal
