
Microsoft Visual Studio Solution File, Format Version 12.00
# Visual Studio Version 16
VisualStudioVersion = 16.0.32602.291
MinimumVisualStudioVersion = 10.0.40219.1
Project("{8BC9CEB8-8B4A-11D0-8D11-00A0C91BC942}") = "Homework_08", "Homework_08\Homework_08.vcxproj", "{7CBAF53E-019F-45FB-975E-9126CE9AC253}"
EndProject
Global
	GlobalSection(SolutionConfigurationPlatforms) = preSolution
		Debug|x64 = Debug|x64
		Debug|x86 = Debug|x86
		Release|x64 = Release|x64
		Release|x86 = Release|x86
	EndGlobalSection
	GlobalSection(ProjectConfigurationPlatforms) = postSolution
		{7CBAF53E-019F-45FB-975E-9126CE9AC253}.Debug|x64.ActiveCfg = Debug|x64
		{7CBAF53E-019F-45FB-975E-9126CE9AC253}.Debug|x64.Build.0 = Debug|x64
		{7CBAF53E-019F-45FB-975E-9126CE9AC253}.Debug|x86.ActiveCfg = Debug|Win32
		{7CBAF53E-019F-45FB-975E-9126CE9AC253}.Debug|x86.Build.0 = Debug|Win32
		{7CBAF53E-019F-45FB-975E-9126CE9AC253}.Release|x64.ActiveCfg = Release|x64
		{7CBAF53E-019F-45FB-975E-9126CE9AC253}.Release|x64.Build.0 = Release|x64
		{7CBAF53E-019F-45FB-975E-9126CE9AC253}.Release|x86.ActiveCfg = Release|Win32
		{7CBAF53E-019F-45FB-975E-9126CE9AC253}.Release|x86.Build.0 = Release|Win32
	EndGlobalSection
	GlobalSection(SolutionProperties) = preSolution
		HideSolutionNode = FALSE
	EndGlobalSection
	GlobalSection(ExtensibilityGlobals) = postSolution
		SolutionGuid = {6E32D47F-D673-4563-9BD0-92E8E0BB688D}
	EndGlobalSection
EndGlobal
