
Microsoft Visual Studio Solution File, Format Version 12.00
# Visual Studio Version 17
VisualStudioVersion = 17.9.34607.119
MinimumVisualStudioVersion = 10.0.40219.1
Project("{FAE04EC0-301F-11D3-BF4B-00C04F79EFBC}") = "Homework_06", "Homework_06\Homework_06.csproj", "{549559EF-D9A3-4ED9-B590-2794CDA635B2}"
EndProject
Global
	GlobalSection(SolutionConfigurationPlatforms) = preSolution
		Debug|Any CPU = Debug|Any CPU
		Release|Any CPU = Release|Any CPU
	EndGlobalSection
	GlobalSection(ProjectConfigurationPlatforms) = postSolution
		{549559EF-D9A3-4ED9-B590-2794CDA635B2}.Debug|Any CPU.ActiveCfg = Debug|Any CPU
		{549559EF-D9A3-4ED9-B590-2794CDA635B2}.Debug|Any CPU.Build.0 = Debug|Any CPU
		{549559EF-D9A3-4ED9-B590-2794CDA635B2}.Release|Any CPU.ActiveCfg = Release|Any CPU
		{549559EF-D9A3-4ED9-B590-2794CDA635B2}.Release|Any CPU.Build.0 = Release|Any CPU
	EndGlobalSection
	GlobalSection(SolutionProperties) = preSolution
		HideSolutionNode = FALSE
	EndGlobalSection
	GlobalSection(ExtensibilityGlobals) = postSolution
		SolutionGuid = {F2FD287A-07FE-48A1-BD68-F81E728D91B7}
	EndGlobalSection
EndGlobal
