
Microsoft Visual Studio Solution File, Format Version 12.00
# Visual Studio Version 17
VisualStudioVersion = 17.9.34607.119
MinimumVisualStudioVersion = 10.0.40219.1
Project("{FAE04EC0-301F-11D3-BF4B-00C04F79EFBC}") = "Homework_01", "Homework_01\Homework_01.csproj", "{94EDFD68-28F7-4DBE-9451-85C6C68C7E6F}"
EndProject
Global
	GlobalSection(SolutionConfigurationPlatforms) = preSolution
		Debug|Any CPU = Debug|Any CPU
		Release|Any CPU = Release|Any CPU
	EndGlobalSection
	GlobalSection(ProjectConfigurationPlatforms) = postSolution
		{94EDFD68-28F7-4DBE-9451-85C6C68C7E6F}.Debug|Any CPU.ActiveCfg = Debug|Any CPU
		{94EDFD68-28F7-4DBE-9451-85C6C68C7E6F}.Debug|Any CPU.Build.0 = Debug|Any CPU
		{94EDFD68-28F7-4DBE-9451-85C6C68C7E6F}.Release|Any CPU.ActiveCfg = Release|Any CPU
		{94EDFD68-28F7-4DBE-9451-85C6C68C7E6F}.Release|Any CPU.Build.0 = Release|Any CPU
	EndGlobalSection
	GlobalSection(SolutionProperties) = preSolution
		HideSolutionNode = FALSE
	EndGlobalSection
	GlobalSection(ExtensibilityGlobals) = postSolution
		SolutionGuid = {43E788B4-7FE3-4AFC-8ACB-935D2F52293A}
	EndGlobalSection
EndGlobal
