
Microsoft Visual Studio Solution File, Format Version 12.00
# Visual Studio Version 16
VisualStudioVersion = 16.0.34407.143
MinimumVisualStudioVersion = 10.0.40219.1
Project("{FAE04EC0-301F-11D3-BF4B-00C04F79EFBC}") = "class_task_06", "class_task_06\class_task_06.csproj", "{92520D3A-517C-4A42-8B70-EFB8682E188B}"
EndProject
Global
	GlobalSection(SolutionConfigurationPlatforms) = preSolution
		Debug|Any CPU = Debug|Any CPU
		Release|Any CPU = Release|Any CPU
	EndGlobalSection
	GlobalSection(ProjectConfigurationPlatforms) = postSolution
		{92520D3A-517C-4A42-8B70-EFB8682E188B}.Debug|Any CPU.ActiveCfg = Debug|Any CPU
		{92520D3A-517C-4A42-8B70-EFB8682E188B}.Debug|Any CPU.Build.0 = Debug|Any CPU
		{92520D3A-517C-4A42-8B70-EFB8682E188B}.Release|Any CPU.ActiveCfg = Release|Any CPU
		{92520D3A-517C-4A42-8B70-EFB8682E188B}.Release|Any CPU.Build.0 = Release|Any CPU
	EndGlobalSection
	GlobalSection(SolutionProperties) = preSolution
		HideSolutionNode = FALSE
	EndGlobalSection
	GlobalSection(ExtensibilityGlobals) = postSolution
		SolutionGuid = {C977C96C-4B5D-43E4-9CC5-25345207AADD}
	EndGlobalSection
EndGlobal
