
Microsoft Visual Studio Solution File, Format Version 12.00
# Visual Studio Version 17
VisualStudioVersion = 17.9.34607.119
MinimumVisualStudioVersion = 10.0.40219.1
Project("{FAE04EC0-301F-11D3-BF4B-00C04F79EFBC}") = "Homework_08", "Homework_08\Homework_08.csproj", "{7928D94A-B307-42E8-821B-894B6B224E19}"
EndProject
Global
	GlobalSection(SolutionConfigurationPlatforms) = preSolution
		Debug|Any CPU = Debug|Any CPU
		Release|Any CPU = Release|Any CPU
	EndGlobalSection
	GlobalSection(ProjectConfigurationPlatforms) = postSolution
		{7928D94A-B307-42E8-821B-894B6B224E19}.Debug|Any CPU.ActiveCfg = Debug|Any CPU
		{7928D94A-B307-42E8-821B-894B6B224E19}.Debug|Any CPU.Build.0 = Debug|Any CPU
		{7928D94A-B307-42E8-821B-894B6B224E19}.Release|Any CPU.ActiveCfg = Release|Any CPU
		{7928D94A-B307-42E8-821B-894B6B224E19}.Release|Any CPU.Build.0 = Release|Any CPU
	EndGlobalSection
	GlobalSection(SolutionProperties) = preSolution
		HideSolutionNode = FALSE
	EndGlobalSection
	GlobalSection(ExtensibilityGlobals) = postSolution
		SolutionGuid = {98A7DF70-06A6-414B-942B-6304FA47716A}
	EndGlobalSection
EndGlobal
