
Microsoft Visual Studio Solution File, Format Version 12.00
# Visual Studio Version 17
VisualStudioVersion = 17.9.34607.119
MinimumVisualStudioVersion = 10.0.40219.1
Project("{FAE04EC0-301F-11D3-BF4B-00C04F79EFBC}") = "Homework_04", "Homework_04\Homework_04.csproj", "{216FB367-C75F-40F2-AD27-E5F3D6DA8A17}"
EndProject
Global
	GlobalSection(SolutionConfigurationPlatforms) = preSolution
		Debug|Any CPU = Debug|Any CPU
		Release|Any CPU = Release|Any CPU
	EndGlobalSection
	GlobalSection(ProjectConfigurationPlatforms) = postSolution
		{216FB367-C75F-40F2-AD27-E5F3D6DA8A17}.Debug|Any CPU.ActiveCfg = Debug|Any CPU
		{216FB367-C75F-40F2-AD27-E5F3D6DA8A17}.Debug|Any CPU.Build.0 = Debug|Any CPU
		{216FB367-C75F-40F2-AD27-E5F3D6DA8A17}.Release|Any CPU.ActiveCfg = Release|Any CPU
		{216FB367-C75F-40F2-AD27-E5F3D6DA8A17}.Release|Any CPU.Build.0 = Release|Any CPU
	EndGlobalSection
	GlobalSection(SolutionProperties) = preSolution
		HideSolutionNode = FALSE
	EndGlobalSection
	GlobalSection(ExtensibilityGlobals) = postSolution
		SolutionGuid = {2E29E37F-5570-4F54-B372-A7D781BC467D}
	EndGlobalSection
EndGlobal
