
Microsoft Visual Studio Solution File, Format Version 12.00
# Visual Studio Version 16
VisualStudioVersion = 16.0.34407.143
MinimumVisualStudioVersion = 10.0.40219.1
Project("{FAE04EC0-301F-11D3-BF4B-00C04F79EFBC}") = "Homework_07", "Homework_07\Homework_07.csproj", "{B7677EB5-17B5-4772-AF74-A1929F967F79}"
EndProject
Global
	GlobalSection(SolutionConfigurationPlatforms) = preSolution
		Debug|Any CPU = Debug|Any CPU
		Release|Any CPU = Release|Any CPU
	EndGlobalSection
	GlobalSection(ProjectConfigurationPlatforms) = postSolution
		{B7677EB5-17B5-4772-AF74-A1929F967F79}.Debug|Any CPU.ActiveCfg = Debug|Any CPU
		{B7677EB5-17B5-4772-AF74-A1929F967F79}.Debug|Any CPU.Build.0 = Debug|Any CPU
		{B7677EB5-17B5-4772-AF74-A1929F967F79}.Release|Any CPU.ActiveCfg = Release|Any CPU
		{B7677EB5-17B5-4772-AF74-A1929F967F79}.Release|Any CPU.Build.0 = Release|Any CPU
	EndGlobalSection
	GlobalSection(SolutionProperties) = preSolution
		HideSolutionNode = FALSE
	EndGlobalSection
	GlobalSection(ExtensibilityGlobals) = postSolution
		SolutionGuid = {88E6C9D4-63F6-4482-BBF6-7D149BA3D669}
	EndGlobalSection
EndGlobal
