
Microsoft Visual Studio Solution File, Format Version 12.00
# Visual Studio Version 16
VisualStudioVersion = 16.0.32602.291
MinimumVisualStudioVersion = 10.0.40219.1
Project("{FAE04EC0-301F-11D3-BF4B-00C04F79EFBC}") = "Task_02", "Task_02\Task_02.csproj", "{DFC9C18D-EB94-4F90-BDA0-CACEDDD1CCA3}"
EndProject
Global
	GlobalSection(SolutionConfigurationPlatforms) = preSolution
		Debug|Any CPU = Debug|Any CPU
		Release|Any CPU = Release|Any CPU
	EndGlobalSection
	GlobalSection(ProjectConfigurationPlatforms) = postSolution
		{DFC9C18D-EB94-4F90-BDA0-CACEDDD1CCA3}.Debug|Any CPU.ActiveCfg = Debug|Any CPU
		{DFC9C18D-EB94-4F90-BDA0-CACEDDD1CCA3}.Debug|Any CPU.Build.0 = Debug|Any CPU
		{DFC9C18D-EB94-4F90-BDA0-CACEDDD1CCA3}.Release|Any CPU.ActiveCfg = Release|Any CPU
		{DFC9C18D-EB94-4F90-BDA0-CACEDDD1CCA3}.Release|Any CPU.Build.0 = Release|Any CPU
	EndGlobalSection
	GlobalSection(SolutionProperties) = preSolution
		HideSolutionNode = FALSE
	EndGlobalSection
	GlobalSection(ExtensibilityGlobals) = postSolution
		SolutionGuid = {611044D2-D702-4AC3-B71B-49AA537DE02B}
	EndGlobalSection
EndGlobal
